
Microsoft Visual Studio Solution File, Format Version 12.00
# Visual Studio 15
Project("{FAE04EC0-301F-11D3-BF4B-00C04F79EFBC}") = "Assembly-CSharp", "Assembly-CSharp.csproj", "{7A09D507-55A1-0B22-8AF0-B45911E3A7E4}"
EndProject
Project("{FAE04EC0-301F-11D3-BF4B-00C04F79EFBC}") = "Assembly-CSharp-firstpass", "Assembly-CSharp-firstpass.csproj", "{6441E217-751B-DBB0-FE7B-9018BE472F49}"
EndProject
Project("{FAE04EC0-301F-11D3-BF4B-00C04F79EFBC}") = "Assembly-CSharp-Editor-firstpass", "Assembly-CSharp-Editor-firstpass.csproj", "{4BA9A22E-A9FB-DEC2-5541-7DF033B1E59C}"
EndProject
Global
	GlobalSection(SolutionConfigurationPlatforms) = preSolution
		Debug|Any CPU = Debug|Any CPU
		Release|Any CPU = Release|Any CPU
	EndGlobalSection
	GlobalSection(ProjectConfigurationPlatforms) = postSolution
		{7A09D507-55A1-0B22-8AF0-B45911E3A7E4}.Debug|Any CPU.ActiveCfg = Debug|Any CPU
		{7A09D507-55A1-0B22-8AF0-B45911E3A7E4}.Debug|Any CPU.Build.0 = Debug|Any CPU
		{7A09D507-55A1-0B22-8AF0-B45911E3A7E4}.Release|Any CPU.ActiveCfg = Release|Any CPU
		{7A09D507-55A1-0B22-8AF0-B45911E3A7E4}.Release|Any CPU.Build.0 = Release|Any CPU
		{6441E217-751B-DBB0-FE7B-9018BE472F49}.Debug|Any CPU.ActiveCfg = Debug|Any CPU
		{6441E217-751B-DBB0-FE7B-9018BE472F49}.Debug|Any CPU.Build.0 = Debug|Any CPU
		{6441E217-751B-DBB0-FE7B-9018BE472F49}.Release|Any CPU.ActiveCfg = Release|Any CPU
		{6441E217-751B-DBB0-FE7B-9018BE472F49}.Release|Any CPU.Build.0 = Release|Any CPU
		{4BA9A22E-A9FB-DEC2-5541-7DF033B1E59C}.Debug|Any CPU.ActiveCfg = Debug|Any CPU
		{4BA9A22E-A9FB-DEC2-5541-7DF033B1E59C}.Debug|Any CPU.Build.0 = Debug|Any CPU
		{4BA9A22E-A9FB-DEC2-5541-7DF033B1E59C}.Release|Any CPU.ActiveCfg = Release|Any CPU
		{4BA9A22E-A9FB-DEC2-5541-7DF033B1E59C}.Release|Any CPU.Build.0 = Release|Any CPU
	EndGlobalSection
	GlobalSection(SolutionProperties) = preSolution
		HideSolutionNode = FALSE
	EndGlobalSection
EndGlobal
